
Microsoft Visual Studio Solution File, Format Version 12.00
# Visual Studio 15
VisualStudioVersion = 15.0.28307.102
MinimumVisualStudioVersion = 10.0.40219.1
Project("{FAE04EC0-301F-11D3-BF4B-00C04F79EFBC}") = "workers salaries", "workers salaries\workers salaries.csproj", "{328B660F-9719-4E9C-8E05-DC157C19B771}"
EndProject
Global
	GlobalSection(SolutionConfigurationPlatforms) = preSolution
		Debug|Any CPU = Debug|Any CPU
		Release|Any CPU = Release|Any CPU
	EndGlobalSection
	GlobalSection(ProjectConfigurationPlatforms) = postSolution
		{328B660F-9719-4E9C-8E05-DC157C19B771}.Debug|Any CPU.ActiveCfg = Debug|Any CPU
		{328B660F-9719-4E9C-8E05-DC157C19B771}.Debug|Any CPU.Build.0 = Debug|Any CPU
		{328B660F-9719-4E9C-8E05-DC157C19B771}.Release|Any CPU.ActiveCfg = Release|Any CPU
		{328B660F-9719-4E9C-8E05-DC157C19B771}.Release|Any CPU.Build.0 = Release|Any CPU
	EndGlobalSection
	GlobalSection(SolutionProperties) = preSolution
		HideSolutionNode = FALSE
	EndGlobalSection
	GlobalSection(ExtensibilityGlobals) = postSolution
		SolutionGuid = {36DA27B6-C534-43F1-96C8-E236364AE07C}
	EndGlobalSection
EndGlobal
